
Microsoft Visual Studio Solution File, Format Version 12.00
# Visual Studio 15
Project("{FAE04EC0-301F-11D3-BF4B-00C04F79EFBC}") = "Udacity-Carnival-Starter-Project-Unity20172", "Udacity-Carnival-Starter-Project-Unity20172.csproj", "{7C21EC91-4556-2BF1-0B49-EBC1D89DC7D3}"
EndProject
Project("{FAE04EC0-301F-11D3-BF4B-00C04F79EFBC}") = "Udacity-Carnival-Starter-Project-Unity20172.Editor", "Udacity-Carnival-Starter-Project-Unity20172.Editor.csproj", "{58997A63-F0B9-702E-57EA-7E58FC4FF2AA}"
EndProject
Global
	GlobalSection(SolutionConfigurationPlatforms) = preSolution
		Debug|Any CPU = Debug|Any CPU
		Release|Any CPU = Release|Any CPU
	EndGlobalSection
	GlobalSection(ProjectConfigurationPlatforms) = postSolution
		{7C21EC91-4556-2BF1-0B49-EBC1D89DC7D3}.Debug|Any CPU.ActiveCfg = Debug|Any CPU
		{7C21EC91-4556-2BF1-0B49-EBC1D89DC7D3}.Debug|Any CPU.Build.0 = Debug|Any CPU
		{7C21EC91-4556-2BF1-0B49-EBC1D89DC7D3}.Release|Any CPU.ActiveCfg = Release|Any CPU
		{7C21EC91-4556-2BF1-0B49-EBC1D89DC7D3}.Release|Any CPU.Build.0 = Release|Any CPU
		{58997A63-F0B9-702E-57EA-7E58FC4FF2AA}.Debug|Any CPU.ActiveCfg = Debug|Any CPU
		{58997A63-F0B9-702E-57EA-7E58FC4FF2AA}.Debug|Any CPU.Build.0 = Debug|Any CPU
		{58997A63-F0B9-702E-57EA-7E58FC4FF2AA}.Release|Any CPU.ActiveCfg = Release|Any CPU
		{58997A63-F0B9-702E-57EA-7E58FC4FF2AA}.Release|Any CPU.Build.0 = Release|Any CPU
	EndGlobalSection
	GlobalSection(SolutionProperties) = preSolution
		HideSolutionNode = FALSE
	EndGlobalSection
EndGlobal
